
Microsoft Visual Studio Solution File, Format Version 11.00
# Visual Studio 2010
Project("{FAE04EC0-301F-11D3-BF4B-00C04F79EFBC}") = "ui", "Assembly-CSharp-firstpass.csproj", "{7DF22C9C-C0C7-2AA4-E835-1DE92942312B}"
EndProject
Project("{FAE04EC0-301F-11D3-BF4B-00C04F79EFBC}") = "ui", "Assembly-CSharp.csproj", "{D309E087-9170-4574-8E7D-710EB32E1F12}"
EndProject
Project("{FAE04EC0-301F-11D3-BF4B-00C04F79EFBC}") = "ui", "Assembly-UnityScript.unityproj", "{FB61CD5F-6DF9-AFD9-704B-47E89A90B22D}"
EndProject
Global
	GlobalSection(SolutionConfigurationPlatforms) = preSolution
		Debug|Any CPU = Debug|Any CPU
		Release|Any CPU = Release|Any CPU
	EndGlobalSection
	GlobalSection(ProjectConfigurationPlatforms) = postSolution
		{7DF22C9C-C0C7-2AA4-E835-1DE92942312B}.Debug|Any CPU.ActiveCfg = Debug|Any CPU
		{7DF22C9C-C0C7-2AA4-E835-1DE92942312B}.Debug|Any CPU.Build.0 = Debug|Any CPU
		{7DF22C9C-C0C7-2AA4-E835-1DE92942312B}.Release|Any CPU.ActiveCfg = Release|Any CPU
		{7DF22C9C-C0C7-2AA4-E835-1DE92942312B}.Release|Any CPU.Build.0 = Release|Any CPU
		{D309E087-9170-4574-8E7D-710EB32E1F12}.Debug|Any CPU.ActiveCfg = Debug|Any CPU
		{D309E087-9170-4574-8E7D-710EB32E1F12}.Debug|Any CPU.Build.0 = Debug|Any CPU
		{D309E087-9170-4574-8E7D-710EB32E1F12}.Release|Any CPU.ActiveCfg = Release|Any CPU
		{D309E087-9170-4574-8E7D-710EB32E1F12}.Release|Any CPU.Build.0 = Release|Any CPU
		{FB61CD5F-6DF9-AFD9-704B-47E89A90B22D}.Debug|Any CPU.ActiveCfg = Debug|Any CPU
		{FB61CD5F-6DF9-AFD9-704B-47E89A90B22D}.Debug|Any CPU.Build.0 = Debug|Any CPU
		{FB61CD5F-6DF9-AFD9-704B-47E89A90B22D}.Release|Any CPU.ActiveCfg = Release|Any CPU
		{FB61CD5F-6DF9-AFD9-704B-47E89A90B22D}.Release|Any CPU.Build.0 = Release|Any CPU
	EndGlobalSection
	GlobalSection(SolutionProperties) = preSolution
		HideSolutionNode = FALSE
	EndGlobalSection
	GlobalSection(MonoDevelopProperties) = preSolution
		StartupItem = Assembly-CSharp.csproj
	EndGlobalSection
EndGlobal
